Microsoft Visual Studio Solution File, Format Version 12.00
# Visual Studio Version 17
VisualStudioVersion = 17.5.2.0
MinimumVisualStudioVersion = 10.0.40219.1
Project("{FAE04EC0-301F-11D3-BF4B-00C04F79EFBC}") = "NotificationService.Worker", "NotificationService.Worker.csproj", "{FF186FCD-70E4-3A76-875B-A5753096AD8D}"
EndProject
Global
	GlobalSection(SolutionConfigurationPlatforms) = preSolution
		Debug|Any CPU = Debug|Any CPU
		Release|Any CPU = Release|Any CPU
	EndGlobalSection
	GlobalSection(ProjectConfigurationPlatforms) = postSolution
		{FF186FCD-70E4-3A76-875B-A5753096AD8D}.Debug|Any CPU.ActiveCfg = Debug|Any CPU
		{FF186FCD-70E4-3A76-875B-A5753096AD8D}.Debug|Any CPU.Build.0 = Debug|Any CPU
		{FF186FCD-70E4-3A76-875B-A5753096AD8D}.Release|Any CPU.ActiveCfg = Release|Any CPU
		{FF186FCD-70E4-3A76-875B-A5753096AD8D}.Release|Any CPU.Build.0 = Release|Any CPU
	EndGlobalSection
	GlobalSection(SolutionProperties) = preSolution
		HideSolutionNode = FALSE
	EndGlobalSection
	GlobalSection(ExtensibilityGlobals) = postSolution
		SolutionGuid = {99991FDC-A546-4FFE-BAA5-493FA4101286}
	EndGlobalSection
EndGlobal
